// !$*UTF8*$!
{
	archiveVersion = 1;
	classes = {
	};
	objectVersion = 48;
	objects = {

/* Begin PBXBuildFile section */
		15F366225E94EAD5E4FC6408 /* Pods_Ppulma.framework in Frameworks */ = {isa = PBXBuildFile; fileRef = 2DB85F6A6E25F74AE2482932 /* Pods_Ppulma.framework */; };
		3B05B26421776BFB00BB6803 /* MainTVCell.swift in Sources */ = {isa = PBXBuildFile; fileRef = 3B05B26321776BFB00BB6803 /* MainTVCell.swift */; };
		3B05B26621776C1800BB6803 /* Extensions.swift in Sources */ = {isa = PBXBuildFile; fileRef = 3B05B26521776C1800BB6803 /* Extensions.swift */; };
		3B05B26921776F4300BB6803 /* MagazineVC.swift in Sources */ = {isa = PBXBuildFile; fileRef = 3B05B26821776F4300BB6803 /* MagazineVC.swift */; };
		3B05B26D21776F8B00BB6803 /* WRNavigationBar.swift in Sources */ = {isa = PBXBuildFile; fileRef = 3B05B26C21776F8B00BB6803 /* WRNavigationBar.swift */; };
		3B05B26F21776F9600BB6803 /* WRCustomNavigationBar.swift in Sources */ = {isa = PBXBuildFile; fileRef = 3B05B26E21776F9600BB6803 /* WRCustomNavigationBar.swift */; };
		3B05B271217771D600BB6803 /* MagazineFirstTVCell.swift in Sources */ = {isa = PBXBuildFile; fileRef = 3B05B270217771D600BB6803 /* MagazineFirstTVCell.swift */; };
		3B05B2762177730A00BB6803 /* Storyboard.swift in Sources */ = {isa = PBXBuildFile; fileRef = 3B05B2752177730A00BB6803 /* Storyboard.swift */; };
		3B05B279217778FC00BB6803 /* ColorChip.swift in Sources */ = {isa = PBXBuildFile; fileRef = 3B05B278217778FC00BB6803 /* ColorChip.swift */; };
		3B05B27D21777AE200BB6803 /* MagazineFirstCVCell.swift in Sources */ = {isa = PBXBuildFile; fileRef = 3B05B27C21777AE200BB6803 /* MagazineFirstCVCell.swift */; };
		3B05B27F21777AEF00BB6803 /* MagazineSecondCVCell.swift in Sources */ = {isa = PBXBuildFile; fileRef = 3B05B27E21777AEF00BB6803 /* MagazineSecondCVCell.swift */; };
		3B05B28221778A8700BB6803 /* Delegate.swift in Sources */ = {isa = PBXBuildFile; fileRef = 3B05B28121778A8700BB6803 /* Delegate.swift */; };
		3B05B2852177A7A700BB6803 /* GMStepper.swift in Sources */ = {isa = PBXBuildFile; fileRef = 3B05B2842177A7A700BB6803 /* GMStepper.swift */; };
		3B05B2882177A8D100BB6803 /* CartVC.swift in Sources */ = {isa = PBXBuildFile; fileRef = 3B05B2872177A8D100BB6803 /* CartVC.swift */; };
		3B05B28A2177A8E800BB6803 /* CartTVCell.swift in Sources */ = {isa = PBXBuildFile; fileRef = 3B05B2892177A8E800BB6803 /* CartTVCell.swift */; };
		3B618D3F2188BB0F002AA2D4 /* ProductDetailService.swift in Sources */ = {isa = PBXBuildFile; fileRef = 3B618D3E2188BB0F002AA2D4 /* ProductDetailService.swift */; };
		3B618D412188BB19002AA2D4 /* ProductDetailVO.swift in Sources */ = {isa = PBXBuildFile; fileRef = 3B618D402188BB19002AA2D4 /* ProductDetailVO.swift */; };
		3B618D452188BEA6002AA2D4 /* AddCartService.swift in Sources */ = {isa = PBXBuildFile; fileRef = 3B618D442188BEA6002AA2D4 /* AddCartService.swift */; };
		3B618D472188BEE3002AA2D4 /* MessageVO.swift in Sources */ = {isa = PBXBuildFile; fileRef = 3B618D462188BEE3002AA2D4 /* MessageVO.swift */; };
		3B618D492188C044002AA2D4 /* GetCartListService.swift in Sources */ = {isa = PBXBuildFile; fileRef = 3B618D482188C044002AA2D4 /* GetCartListService.swift */; };
		3B618D4B2188C0A7002AA2D4 /* CartVO.swift in Sources */ = {isa = PBXBuildFile; fileRef = 3B618D4A2188C0A7002AA2D4 /* CartVO.swift */; };
		3B618D4E2189B636002AA2D4 /* MypageVC.swift in Sources */ = {isa = PBXBuildFile; fileRef = 3B618D4D2189B636002AA2D4 /* MypageVC.swift */; };
		3B618D532189BADE002AA2D4 /* MypageCVCell.swift in Sources */ = {isa = PBXBuildFile; fileRef = 3B618D522189BADE002AA2D4 /* MypageCVCell.swift */; };
		3B618D552189FB5F002AA2D4 /* SearchService.swift in Sources */ = {isa = PBXBuildFile; fileRef = 3B618D542189FB5F002AA2D4 /* SearchService.swift */; };
		3B618D572189FBAB002AA2D4 /* SearchVO.swift in Sources */ = {isa = PBXBuildFile; fileRef = 3B618D562189FBAB002AA2D4 /* SearchVO.swift */; };
		3B618D59218A2C3F002AA2D4 /* RecentItemVO.swift in Sources */ = {isa = PBXBuildFile; fileRef = 3B618D58218A2C3F002AA2D4 /* RecentItemVO.swift */; };
		3B618D5B218A2C66002AA2D4 /* RecentItemService.swift in Sources */ = {isa = PBXBuildFile; fileRef = 3B618D5A218A2C66002AA2D4 /* RecentItemService.swift */; };
		3B7D95982187116E00D63C67 /* NetworkConfiguration.swift in Sources */ = {isa = PBXBuildFile; fileRef = 3B7D95972187116E00D63C67 /* NetworkConfiguration.swift */; };
		3B7D959A2187118E00D63C67 /* GettableService.swift in Sources */ = {isa = PBXBuildFile; fileRef = 3B7D95992187118E00D63C67 /* GettableService.swift */; };
		3B7D959C2187119600D63C67 /* PostableService.swift in Sources */ = {isa = PBXBuildFile; fileRef = 3B7D959B2187119600D63C67 /* PostableService.swift */; };
		3B7D959E2187119E00D63C67 /* HttpResCode.swift in Sources */ = {isa = PBXBuildFile; fileRef = 3B7D959D2187119E00D63C67 /* HttpResCode.swift */; };
		3B7D95A02187128000D63C67 /* UrlPath.swift in Sources */ = {isa = PBXBuildFile; fileRef = 3B7D959F2187128000D63C67 /* UrlPath.swift */; };
		3B7D95A32187136400D63C67 /* SwiftNotice.swift in Sources */ = {isa = PBXBuildFile; fileRef = 3B7D95A22187136400D63C67 /* SwiftNotice.swift */; };
		3B7D95A72187169D00D63C67 /* CategoryVO.swift in Sources */ = {isa = PBXBuildFile; fileRef = 3B7D95A62187169D00D63C67 /* CategoryVO.swift */; };
		3B7D95AA2187178000D63C67 /* MagazineService.swift in Sources */ = {isa = PBXBuildFile; fileRef = 3B7D95A92187178000D63C67 /* MagazineService.swift */; };
		3B7D95AC21871BDB00D63C67 /* SemiCategoryVO.swift in Sources */ = {isa = PBXBuildFile; fileRef = 3B7D95AB21871BDB00D63C67 /* SemiCategoryVO.swift */; };
		3B7D95AE21871C3600D63C67 /* SemiCategoryService.swift in Sources */ = {isa = PBXBuildFile; fileRef = 3B7D95AD21871C3600D63C67 /* SemiCategoryService.swift */; };
		3BB04FAD2178D4F00096BF4D /* CustomView.swift in Sources */ = {isa = PBXBuildFile; fileRef = 3BB04FAC2178D4F00096BF4D /* CustomView.swift */; };
		3BB04FB02178D6390096BF4D /* Font.swift in Sources */ = {isa = PBXBuildFile; fileRef = 3BB04FAF2178D6390096BF4D /* Font.swift */; };
		3BB04FBA2178D6E00096BF4D /* NanumSquareOTFExtraBold.otf in Resources */ = {isa = PBXBuildFile; fileRef = 3BB04FB62178D6DA0096BF4D /* NanumSquareOTFExtraBold.otf */; };
		3BB04FBB2178D6E00096BF4D /* NanumSquareOTFLight.otf in Resources */ = {isa = PBXBuildFile; fileRef = 3BB04FB72178D6DB0096BF4D /* NanumSquareOTFLight.otf */; };
		3BB04FBC2178D6E00096BF4D /* NanumSquareOTFBold.otf in Resources */ = {isa = PBXBuildFile; fileRef = 3BB04FB82178D6DD0096BF4D /* NanumSquareOTFBold.otf */; };
		3BB04FBD2178D6E00096BF4D /* NanumSquareOTFRegular.otf in Resources */ = {isa = PBXBuildFile; fileRef = 3BB04FB92178D6DE0096BF4D /* NanumSquareOTFRegular.otf */; };
		3BB04FBF2178ED430096BF4D /* RoundShadowView.swift in Sources */ = {isa = PBXBuildFile; fileRef = 3BB04FBE2178ED430096BF4D /* RoundShadowView.swift */; };
		3BD63A0C21836961007F5972 /* DetailVC.swift in Sources */ = {isa = PBXBuildFile; fileRef = 3BD63A0B21836961007F5972 /* DetailVC.swift */; };
		3BD63A0F21837CF0007F5972 /* SearchVC.swift in Sources */ = {isa = PBXBuildFile; fileRef = 3BD63A0E21837CF0007F5972 /* SearchVC.swift */; };
		3BD63A122183834D007F5972 /* SearchTVCell.swift in Sources */ = {isa = PBXBuildFile; fileRef = 3BD63A112183834D007F5972 /* SearchTVCell.swift */; };
		3BD63A152183884E007F5972 /* SearchResultVC.swift in Sources */ = {isa = PBXBuildFile; fileRef = 3BD63A142183884E007F5972 /* SearchResultVC.swift */; };
		3BD63A172183989A007F5972 /* SearchResultHeader.swift in Sources */ = {isa = PBXBuildFile; fileRef = 3BD63A162183989A007F5972 /* SearchResultHeader.swift */; };
		3BD63A19218398C7007F5972 /* SearchResultCVCell.swift in Sources */ = {isa = PBXBuildFile; fileRef = 3BD63A18218398C7007F5972 /* SearchResultCVCell.swift */; };
		3BD63A1C21839BC6007F5972 /* FilterVC.swift in Sources */ = {isa = PBXBuildFile; fileRef = 3BD63A1B21839BC6007F5972 /* FilterVC.swift */; };
		3BE79721217752A10071AF34 /* AppDelegate.swift in Sources */ = {isa = PBXBuildFile; fileRef = 3BE79720217752A10071AF34 /* AppDelegate.swift */; };
		3BE79723217752A10071AF34 /* ViewController.swift in Sources */ = {isa = PBXBuildFile; fileRef = 3BE79722217752A10071AF34 /* ViewController.swift */; };
		3BE79726217752A10071AF34 /* Main.storyboard in Resources */ = {isa = PBXBuildFile; fileRef = 3BE79724217752A10071AF34 /* Main.storyboard */; };
		3BE79728217752A10071AF34 /* Assets.xcassets in Resources */ = {isa = PBXBuildFile; fileRef = 3BE79727217752A10071AF34 /* Assets.xcassets */; };
		3BE7972B217752A10071AF34 /* LaunchScreen.storyboard in Resources */ = {isa = PBXBuildFile; fileRef = 3BE79729217752A10071AF34 /* LaunchScreen.storyboard */; };
		3BE797332177588D0071AF34 /* ExamplePopupViewController.swift in Sources */ = {isa = PBXBuildFile; fileRef = 3BE797322177588D0071AF34 /* ExamplePopupViewController.swift */; };
		3BE79736217767EC0071AF34 /* MainVC.swift in Sources */ = {isa = PBXBuildFile; fileRef = 3BE79735217767EC0071AF34 /* MainVC.swift */; };
/* End PBXBuildFile section */

/* Begin PBXFileReference section */
		2DB85F6A6E25F74AE2482932 /* Pods_Ppulma.framework */ = {isa = PBXFileReference; explicitFileType = wrapper.framework; includeInIndex = 0; path = Pods_Ppulma.framework; sourceTree = BUILT_PRODUCTS_DIR; };
		3B05B26321776BFB00BB6803 /* MainTVCell.swift */ = {isa = PBXFileReference; lastKnownFileType = sourcecode.swift; path = MainTVCell.swift; sourceTree = "<group>"; };
		3B05B26521776C1800BB6803 /* Extensions.swift */ = {isa = PBXFileReference; lastKnownFileType = sourcecode.swift; path = Extensions.swift; sourceTree = "<group>"; };
		3B05B26821776F4300BB6803 /* MagazineVC.swift */ = {isa = PBXFileReference; lastKnownFileType = sourcecode.swift; path = MagazineVC.swift; sourceTree = "<group>"; };
		3B05B26C21776F8B00BB6803 /* WRNavigationBar.swift */ = {isa = PBXFileReference; lastKnownFileType = sourcecode.swift; path = WRNavigationBar.swift; sourceTree = "<group>"; };
		3B05B26E21776F9600BB6803 /* WRCustomNavigationBar.swift */ = {isa = PBXFileReference; lastKnownFileType = sourcecode.swift; path = WRCustomNavigationBar.swift; sourceTree = "<group>"; };
		3B05B270217771D600BB6803 /* MagazineFirstTVCell.swift */ = {isa = PBXFileReference; lastKnownFileType = sourcecode.swift; path = MagazineFirstTVCell.swift; sourceTree = "<group>"; };
		3B05B2752177730A00BB6803 /* Storyboard.swift */ = {isa = PBXFileReference; lastKnownFileType = sourcecode.swift; path = Storyboard.swift; sourceTree = "<group>"; };
		3B05B278217778FC00BB6803 /* ColorChip.swift */ = {isa = PBXFileReference; lastKnownFileType = sourcecode.swift; path = ColorChip.swift; sourceTree = "<group>"; };
		3B05B27C21777AE200BB6803 /* MagazineFirstCVCell.swift */ = {isa = PBXFileReference; lastKnownFileType = sourcecode.swift; path = MagazineFirstCVCell.swift; sourceTree = "<group>"; };
		3B05B27E21777AEF00BB6803 /* MagazineSecondCVCell.swift */ = {isa = PBXFileReference; lastKnownFileType = sourcecode.swift; path = MagazineSecondCVCell.swift; sourceTree = "<group>"; };
		3B05B28121778A8700BB6803 /* Delegate.swift */ = {isa = PBXFileReference; lastKnownFileType = sourcecode.swift; path = Delegate.swift; sourceTree = "<group>"; };
		3B05B2842177A7A700BB6803 /* GMStepper.swift */ = {isa = PBXFileReference; lastKnownFileType = sourcecode.swift; path = GMStepper.swift; sourceTree = "<group>"; };
		3B05B2872177A8D100BB6803 /* CartVC.swift */ = {isa = PBXFileReference; lastKnownFileType = sourcecode.swift; path = CartVC.swift; sourceTree = "<group>"; };
		3B05B2892177A8E800BB6803 /* CartTVCell.swift */ = {isa = PBXFileReference; lastKnownFileType = sourcecode.swift; path = CartTVCell.swift; sourceTree = "<group>"; };
		3B618D3E2188BB0F002AA2D4 /* ProductDetailService.swift */ = {isa = PBXFileReference; lastKnownFileType = sourcecode.swift; path = ProductDetailService.swift; sourceTree = "<group>"; };
		3B618D402188BB19002AA2D4 /* ProductDetailVO.swift */ = {isa = PBXFileReference; lastKnownFileType = sourcecode.swift; path = ProductDetailVO.swift; sourceTree = "<group>"; };
		3B618D442188BEA6002AA2D4 /* AddCartService.swift */ = {isa = PBXFileReference; lastKnownFileType = sourcecode.swift; path = AddCartService.swift; sourceTree = "<group>"; };
		3B618D462188BEE3002AA2D4 /* MessageVO.swift */ = {isa = PBXFileReference; lastKnownFileType = sourcecode.swift; path = MessageVO.swift; sourceTree = "<group>"; };
		3B618D482188C044002AA2D4 /* GetCartListService.swift */ = {isa = PBXFileReference; lastKnownFileType = sourcecode.swift; path = GetCartListService.swift; sourceTree = "<group>"; };
		3B618D4A2188C0A7002AA2D4 /* CartVO.swift */ = {isa = PBXFileReference; lastKnownFileType = sourcecode.swift; path = CartVO.swift; sourceTree = "<group>"; };
		3B618D4D2189B636002AA2D4 /* MypageVC.swift */ = {isa = PBXFileReference; lastKnownFileType = sourcecode.swift; path = MypageVC.swift; sourceTree = "<group>"; };
		3B618D522189BADE002AA2D4 /* MypageCVCell.swift */ = {isa = PBXFileReference; lastKnownFileType = sourcecode.swift; path = MypageCVCell.swift; sourceTree = "<group>"; };
		3B618D542189FB5F002AA2D4 /* SearchService.swift */ = {isa = PBXFileReference; lastKnownFileType = sourcecode.swift; path = SearchService.swift; sourceTree = "<group>"; };
		3B618D562189FBAB002AA2D4 /* SearchVO.swift */ = {isa = PBXFileReference; lastKnownFileType = sourcecode.swift; path = SearchVO.swift; sourceTree = "<group>"; };
		3B618D58218A2C3F002AA2D4 /* RecentItemVO.swift */ = {isa = PBXFileReference; lastKnownFileType = sourcecode.swift; path = RecentItemVO.swift; sourceTree = "<group>"; };
		3B618D5A218A2C66002AA2D4 /* RecentItemService.swift */ = {isa = PBXFileReference; lastKnownFileType = sourcecode.swift; path = RecentItemService.swift; sourceTree = "<group>"; };
		3B7D95972187116E00D63C67 /* NetworkConfiguration.swift */ = {isa = PBXFileReference; lastKnownFileType = sourcecode.swift; path = NetworkConfiguration.swift; sourceTree = "<group>"; };
		3B7D95992187118E00D63C67 /* GettableService.swift */ = {isa = PBXFileReference; lastKnownFileType = sourcecode.swift; path = GettableService.swift; sourceTree = "<group>"; };
		3B7D959B2187119600D63C67 /* PostableService.swift */ = {isa = PBXFileReference; lastKnownFileType = sourcecode.swift; path = PostableService.swift; sourceTree = "<group>"; };
		3B7D959D2187119E00D63C67 /* HttpResCode.swift */ = {isa = PBXFileReference; lastKnownFileType = sourcecode.swift; path = HttpResCode.swift; sourceTree = "<group>"; };
		3B7D959F2187128000D63C67 /* UrlPath.swift */ = {isa = PBXFileReference; lastKnownFileType = sourcecode.swift; path = UrlPath.swift; sourceTree = "<group>"; };
		3B7D95A22187136400D63C67 /* SwiftNotice.swift */ = {isa = PBXFileReference; lastKnownFileType = sourcecode.swift; path = SwiftNotice.swift; sourceTree = "<group>"; };
		3B7D95A62187169D00D63C67 /* CategoryVO.swift */ = {isa = PBXFileReference; lastKnownFileType = sourcecode.swift; path = CategoryVO.swift; sourceTree = "<group>"; };
		3B7D95A92187178000D63C67 /* MagazineService.swift */ = {isa = PBXFileReference; lastKnownFileType = sourcecode.swift; path = MagazineService.swift; sourceTree = "<group>"; };
		3B7D95AB21871BDB00D63C67 /* SemiCategoryVO.swift */ = {isa = PBXFileReference; lastKnownFileType = sourcecode.swift; path = SemiCategoryVO.swift; sourceTree = "<group>"; };
		3B7D95AD21871C3600D63C67 /* SemiCategoryService.swift */ = {isa = PBXFileReference; lastKnownFileType = sourcecode.swift; path = SemiCategoryService.swift; sourceTree = "<group>"; };
		3BB04FAC2178D4F00096BF4D /* CustomView.swift */ = {isa = PBXFileReference; lastKnownFileType = sourcecode.swift; path = CustomView.swift; sourceTree = "<group>"; };
		3BB04FAF2178D6390096BF4D /* Font.swift */ = {isa = PBXFileReference; lastKnownFileType = sourcecode.swift; path = Font.swift; sourceTree = "<group>"; };
		3BB04FB62178D6DA0096BF4D /* NanumSquareOTFExtraBold.otf */ = {isa = PBXFileReference; lastKnownFileType = file; path = NanumSquareOTFExtraBold.otf; sourceTree = "<group>"; };
		3BB04FB72178D6DB0096BF4D /* NanumSquareOTFLight.otf */ = {isa = PBXFileReference; lastKnownFileType = file; path = NanumSquareOTFLight.otf; sourceTree = "<group>"; };
		3BB04FB82178D6DD0096BF4D /* NanumSquareOTFBold.otf */ = {isa = PBXFileReference; lastKnownFileType = file; path = NanumSquareOTFBold.otf; sourceTree = "<group>"; };
		3BB04FB92178D6DE0096BF4D /* NanumSquareOTFRegular.otf */ = {isa = PBXFileReference; lastKnownFileType = file; path = NanumSquareOTFRegular.otf; sourceTree = "<group>"; };
		3BB04FBE2178ED430096BF4D /* RoundShadowView.swift */ = {isa = PBXFileReference; lastKnownFileType = sourcecode.swift; path = RoundShadowView.swift; sourceTree = "<group>"; };
		3BD63A0B21836961007F5972 /* DetailVC.swift */ = {isa = PBXFileReference; lastKnownFileType = sourcecode.swift; path = DetailVC.swift; sourceTree = "<group>"; };
		3BD63A0E21837CF0007F5972 /* SearchVC.swift */ = {isa = PBXFileReference; lastKnownFileType = sourcecode.swift; path = SearchVC.swift; sourceTree = "<group>"; };
		3BD63A112183834D007F5972 /* SearchTVCell.swift */ = {isa = PBXFileReference; lastKnownFileType = sourcecode.swift; path = SearchTVCell.swift; sourceTree = "<group>"; };
		3BD63A142183884E007F5972 /* SearchResultVC.swift */ = {isa = PBXFileReference; lastKnownFileType = sourcecode.swift; path = SearchResultVC.swift; sourceTree = "<group>"; };
		3BD63A162183989A007F5972 /* SearchResultHeader.swift */ = {isa = PBXFileReference; lastKnownFileType = sourcecode.swift; path = SearchResultHeader.swift; sourceTree = "<group>"; };
		3BD63A18218398C7007F5972 /* SearchResultCVCell.swift */ = {isa = PBXFileReference; lastKnownFileType = sourcecode.swift; path = SearchResultCVCell.swift; sourceTree = "<group>"; };
		3BD63A1B21839BC6007F5972 /* FilterVC.swift */ = {isa = PBXFileReference; lastKnownFileType = sourcecode.swift; path = FilterVC.swift; sourceTree = "<group>"; };
		3BE7971D217752A10071AF34 /* Ppulma.app */ = {isa = PBXFileReference; explicitFileType = wrapper.application; includeInIndex = 0; path = Ppulma.app; sourceTree = BUILT_PRODUCTS_DIR; };
		3BE79720217752A10071AF34 /* AppDelegate.swift */ = {isa = PBXFileReference; lastKnownFileType = sourcecode.swift; path = AppDelegate.swift; sourceTree = "<group>"; };
		3BE79722217752A10071AF34 /* ViewController.swift */ = {isa = PBXFileReference; lastKnownFileType = sourcecode.swift; path = ViewController.swift; sourceTree = "<group>"; };
		3BE79725217752A10071AF34 /* Base */ = {isa = PBXFileReference; lastKnownFileType = file.storyboard; name = Base; path = Base.lproj/Main.storyboard; sourceTree = "<group>"; };
		3BE79727217752A10071AF34 /* Assets.xcassets */ = {isa = PBXFileReference; lastKnownFileType = folder.assetcatalog; path = Assets.xcassets; sourceTree = "<group>"; };
		3BE7972A217752A10071AF34 /* Base */ = {isa = PBXFileReference; lastKnownFileType = file.storyboard; name = Base; path = Base.lproj/LaunchScreen.storyboard; sourceTree = "<group>"; };
		3BE7972C217752A10071AF34 /* Info.plist */ = {isa = PBXFileReference; lastKnownFileType = text.plist.xml; path = Info.plist; sourceTree = "<group>"; };
		3BE797322177588D0071AF34 /* ExamplePopupViewController.swift */ = {isa = PBXFileReference; lastKnownFileType = sourcecode.swift; path = ExamplePopupViewController.swift; sourceTree = "<group>"; };
		3BE79735217767EC0071AF34 /* MainVC.swift */ = {isa = PBXFileReference; lastKnownFileType = sourcecode.swift; path = MainVC.swift; sourceTree = "<group>"; };
		9EB455D49E0B171527E29F9E /* Pods-Ppulma.release.xcconfig */ = {isa = PBXFileReference; includeInIndex = 1; lastKnownFileType = text.xcconfig; name = "Pods-Ppulma.release.xcconfig"; path = "Target Support Files/Pods-Ppulma/Pods-Ppulma.release.xcconfig"; sourceTree = "<group>"; };
		B2725CD172F7CCA4F7437D4B /* Pods-Ppulma.debug.xcconfig */ = {isa = PBXFileReference; includeInIndex = 1; lastKnownFileType = text.xcconfig; name = "Pods-Ppulma.debug.xcconfig"; path = "Target Support Files/Pods-Ppulma/Pods-Ppulma.debug.xcconfig"; sourceTree = "<group>"; };
/* End PBXFileReference section */

/* Begin PBXFrameworksBuildPhase section */
		3BE7971A217752A10071AF34 /* Frameworks */ = {
			isa = PBXFrameworksBuildPhase;
			buildActionMask = 2147483647;
			files = (
				15F366225E94EAD5E4FC6408 /* Pods_Ppulma.framework in Frameworks */,
			);
			runOnlyForDeploymentPostprocessing = 0;
		};
/* End PBXFrameworksBuildPhase section */

/* Begin PBXGroup section */
		3B05B26221776BDF00BB6803 /* Main */ = {
			isa = PBXGroup;
			children = (
				3BE79735217767EC0071AF34 /* MainVC.swift */,
				3B05B26321776BFB00BB6803 /* MainTVCell.swift */,
			);
			path = Main;
			sourceTree = "<group>";
		};
		3B05B26721776F2F00BB6803 /* Magazine */ = {
			isa = PBXGroup;
			children = (
				3B05B26821776F4300BB6803 /* MagazineVC.swift */,
				3B05B270217771D600BB6803 /* MagazineFirstTVCell.swift */,
				3B05B27C21777AE200BB6803 /* MagazineFirstCVCell.swift */,
				3B05B27E21777AEF00BB6803 /* MagazineSecondCVCell.swift */,
			);
			path = Magazine;
			sourceTree = "<group>";
		};
		3B05B26A21776F7300BB6803 /* Resources */ = {
			isa = PBXGroup;
			children = (
				3B7D95A12187135900D63C67 /* SwiftNotice */,
				3BB04FB12178D69B0096BF4D /* Fonts */,
				3B05B2832177A79500BB6803 /* GMStepper */,
				3B05B26B21776F7800BB6803 /* WRNavigationBar */,
			);
			path = Resources;
			sourceTree = "<group>";
		};
		3B05B26B21776F7800BB6803 /* WRNavigationBar */ = {
			isa = PBXGroup;
			children = (
				3B05B26C21776F8B00BB6803 /* WRNavigationBar.swift */,
				3B05B26E21776F9600BB6803 /* WRCustomNavigationBar.swift */,
			);
			path = WRNavigationBar;
			sourceTree = "<group>";
		};
		3B05B274217772E300BB6803 /* Singleton */ = {
			isa = PBXGroup;
			children = (
				3B05B2752177730A00BB6803 /* Storyboard.swift */,
				3B05B278217778FC00BB6803 /* ColorChip.swift */,
				3BB04FAF2178D6390096BF4D /* Font.swift */,
				3B7D95972187116E00D63C67 /* NetworkConfiguration.swift */,
				3B7D959F2187128000D63C67 /* UrlPath.swift */,
				3B7D959D2187119E00D63C67 /* HttpResCode.swift */,
			);
			path = Singleton;
			sourceTree = "<group>";
		};
		3B05B277217777CB00BB6803 /* Storyboard */ = {
			isa = PBXGroup;
			children = (
				3BE79724217752A10071AF34 /* Main.storyboard */,
			);
			path = Storyboard;
			sourceTree = "<group>";
		};
		3B05B28021778A7100BB6803 /* Utility */ = {
			isa = PBXGroup;
			children = (
				3B05B26521776C1800BB6803 /* Extensions.swift */,
				3B05B28121778A8700BB6803 /* Delegate.swift */,
				3B7D95992187118E00D63C67 /* GettableService.swift */,
				3B7D959B2187119600D63C67 /* PostableService.swift */,
			);
			path = Utility;
			sourceTree = "<group>";
		};
		3B05B2832177A79500BB6803 /* GMStepper */ = {
			isa = PBXGroup;
			children = (
				3B05B2842177A7A700BB6803 /* GMStepper.swift */,
			);
			path = GMStepper;
			sourceTree = "<group>";
		};
		3B05B2862177A8A700BB6803 /* Cart */ = {
			isa = PBXGroup;
			children = (
				3B05B2872177A8D100BB6803 /* CartVC.swift */,
				3B05B2892177A8E800BB6803 /* CartTVCell.swift */,
			);
			path = Cart;
			sourceTree = "<group>";
		};
		3B618D4C2189B628002AA2D4 /* Mypage */ = {
			isa = PBXGroup;
			children = (
				3B618D4D2189B636002AA2D4 /* MypageVC.swift */,
				3B618D522189BADE002AA2D4 /* MypageCVCell.swift */,
			);
			path = Mypage;
			sourceTree = "<group>";
		};
		3B7D95A12187135900D63C67 /* SwiftNotice */ = {
			isa = PBXGroup;
			children = (
				3B7D95A22187136400D63C67 /* SwiftNotice.swift */,
			);
			path = SwiftNotice;
			sourceTree = "<group>";
		};
		3B7D95A52187167200D63C67 /* VO */ = {
			isa = PBXGroup;
			children = (
				3B7D95A62187169D00D63C67 /* CategoryVO.swift */,
				3B7D95AB21871BDB00D63C67 /* SemiCategoryVO.swift */,
				3B618D402188BB19002AA2D4 /* ProductDetailVO.swift */,
				3B618D462188BEE3002AA2D4 /* MessageVO.swift */,
				3B618D4A2188C0A7002AA2D4 /* CartVO.swift */,
				3B618D562189FBAB002AA2D4 /* SearchVO.swift */,
				3B618D58218A2C3F002AA2D4 /* RecentItemVO.swift */,
			);
			path = VO;
			sourceTree = "<group>";
		};
		3B7D95A82187177500D63C67 /* Service */ = {
			isa = PBXGroup;
			children = (
				3B7D95A92187178000D63C67 /* MagazineService.swift */,
				3B7D95AD21871C3600D63C67 /* SemiCategoryService.swift */,
				3B618D3E2188BB0F002AA2D4 /* ProductDetailService.swift */,
				3B618D442188BEA6002AA2D4 /* AddCartService.swift */,
				3B618D482188C044002AA2D4 /* GetCartListService.swift */,
				3B618D542189FB5F002AA2D4 /* SearchService.swift */,
				3B618D5A218A2C66002AA2D4 /* RecentItemService.swift */,
			);
			path = Service;
			sourceTree = "<group>";
		};
		3BB04FAA2178D4C80096BF4D /* Util */ = {
			isa = PBXGroup;
			children = (
				3BB04FAE2178D5670096BF4D /* Data */,
				3B05B28021778A7100BB6803 /* Utility */,
				3BB04FAB2178D4D60096BF4D /* CustomUI */,
			);
			path = Util;
			sourceTree = "<group>";
		};
		3BB04FAB2178D4D60096BF4D /* CustomUI */ = {
			isa = PBXGroup;
			children = (
				3BB04FAC2178D4F00096BF4D /* CustomView.swift */,
				3BB04FBE2178ED430096BF4D /* RoundShadowView.swift */,
			);
			path = CustomUI;
			sourceTree = "<group>";
		};
		3BB04FAE2178D5670096BF4D /* Data */ = {
			isa = PBXGroup;
			children = (
				3B7D95A82187177500D63C67 /* Service */,
				3B7D95A52187167200D63C67 /* VO */,
				3B05B274217772E300BB6803 /* Singleton */,
			);
			path = Data;
			sourceTree = "<group>";
		};
		3BB04FB12178D69B0096BF4D /* Fonts */ = {
			isa = PBXGroup;
			children = (
				3BB04FB82178D6DD0096BF4D /* NanumSquareOTFBold.otf */,
				3BB04FB62178D6DA0096BF4D /* NanumSquareOTFExtraBold.otf */,
				3BB04FB72178D6DB0096BF4D /* NanumSquareOTFLight.otf */,
				3BB04FB92178D6DE0096BF4D /* NanumSquareOTFRegular.otf */,
			);
			path = Fonts;
			sourceTree = "<group>";
		};
		3BD63A0A21836947007F5972 /* Detail */ = {
			isa = PBXGroup;
			children = (
				3BD63A0B21836961007F5972 /* DetailVC.swift */,
			);
			path = Detail;
			sourceTree = "<group>";
		};
		3BD63A0D21837CE5007F5972 /* Search */ = {
			isa = PBXGroup;
			children = (
				3BD63A0E21837CF0007F5972 /* SearchVC.swift */,
				3BD63A112183834D007F5972 /* SearchTVCell.swift */,
			);
			path = Search;
			sourceTree = "<group>";
		};
		3BD63A1321838838007F5972 /* SearchResult */ = {
			isa = PBXGroup;
			children = (
				3BD63A142183884E007F5972 /* SearchResultVC.swift */,
				3BD63A162183989A007F5972 /* SearchResultHeader.swift */,
				3BD63A18218398C7007F5972 /* SearchResultCVCell.swift */,
			);
			path = SearchResult;
			sourceTree = "<group>";
		};
		3BD63A1A21839BB9007F5972 /* Filter */ = {
			isa = PBXGroup;
			children = (
				3BD63A1B21839BC6007F5972 /* FilterVC.swift */,
			);
			path = Filter;
			sourceTree = "<group>";
		};
		3BE79714217752A10071AF34 = {
			isa = PBXGroup;
			children = (
				3BE7971F217752A10071AF34 /* Ppulma */,
				3BE7971E217752A10071AF34 /* Products */,
				488639F59EF064DE9B162F9E /* Pods */,
				5E994C65B0496A8066953829 /* Frameworks */,
			);
			sourceTree = "<group>";
		};
		3BE7971E217752A10071AF34 /* Products */ = {
			isa = PBXGroup;
			children = (
				3BE7971D217752A10071AF34 /* Ppulma.app */,
			);
			name = Products;
			sourceTree = "<group>";
		};
		3BE7971F217752A10071AF34 /* Ppulma */ = {
			isa = PBXGroup;
			children = (
				3B05B26A21776F7300BB6803 /* Resources */,
				3BB04FAA2178D4C80096BF4D /* Util */,
				3B05B277217777CB00BB6803 /* Storyboard */,
				3BE79734217767D50071AF34 /* VC */,
				3BE79720217752A10071AF34 /* AppDelegate.swift */,
				3BE79722217752A10071AF34 /* ViewController.swift */,
				3BE797322177588D0071AF34 /* ExamplePopupViewController.swift */,
				3BE79727217752A10071AF34 /* Assets.xcassets */,
				3BE79729217752A10071AF34 /* LaunchScreen.storyboard */,
				3BE7972C217752A10071AF34 /* Info.plist */,
			);
			path = Ppulma;
			sourceTree = "<group>";
		};
		3BE79734217767D50071AF34 /* VC */ = {
			isa = PBXGroup;
			children = (
				3B618D4C2189B628002AA2D4 /* Mypage */,
				3B05B26221776BDF00BB6803 /* Main */,
				3B05B26721776F2F00BB6803 /* Magazine */,
				3BD63A0A21836947007F5972 /* Detail */,
				3B05B2862177A8A700BB6803 /* Cart */,
				3BD63A0D21837CE5007F5972 /* Search */,
				3BD63A1321838838007F5972 /* SearchResult */,
				3BD63A1A21839BB9007F5972 /* Filter */,
			);
			path = VC;
			sourceTree = "<group>";
		};
		488639F59EF064DE9B162F9E /* Pods */ = {
			isa = PBXGroup;
			children = (
				B2725CD172F7CCA4F7437D4B /* Pods-Ppulma.debug.xcconfig */,
				9EB455D49E0B171527E29F9E /* Pods-Ppulma.release.xcconfig */,
			);
			path = Pods;
			sourceTree = "<group>";
		};
		5E994C65B0496A8066953829 /* Frameworks */ = {
			isa = PBXGroup;
			children = (
				2DB85F6A6E25F74AE2482932 /* Pods_Ppulma.framework */,
			);
			name = Frameworks;
			sourceTree = "<group>";
		};
/* End PBXGroup section */

/* Begin PBXNativeTarget section */
		3BE7971C217752A10071AF34 /* Ppulma */ = {
			isa = PBXNativeTarget;
			buildConfigurationList = 3BE7972F217752A10071AF34 /* Build configuration list for PBXNativeTarget "Ppulma" */;
			buildPhases = (
				E5FB26D80368C903B1CA6FF2 /* [CP] Check Pods Manifest.lock */,
				3BE79719217752A10071AF34 /* Sources */,
				3BE7971A217752A10071AF34 /* Frameworks */,
				3BE7971B217752A10071AF34 /* Resources */,
				BB3DD73CFDECFF9006BC2046 /* [CP] Embed Pods Frameworks */,
			);
			buildRules = (
			);
			dependencies = (
			);
			name = Ppulma;
			productName = Ppulma;
			productReference = 3BE7971D217752A10071AF34 /* Ppulma.app */;
			productType = "com.apple.product-type.application";
		};
/* End PBXNativeTarget section */

/* Begin PBXProject section */
		3BE79715217752A10071AF34 /* Project object */ = {
			isa = PBXProject;
			attributes = {
				LastSwiftUpdateCheck = 0920;
				LastUpgradeCheck = 0920;
				ORGANIZATIONNAME = "강수진";
				TargetAttributes = {
					3BE7971C217752A10071AF34 = {
						CreatedOnToolsVersion = 9.2;
						ProvisioningStyle = Automatic;
					};
				};
			};
			buildConfigurationList = 3BE79718217752A10071AF34 /* Build configuration list for PBXProject "Ppulma" */;
			compatibilityVersion = "Xcode 8.0";
			developmentRegion = en;
			hasScannedForEncodings = 0;
			knownRegions = (
				en,
				Base,
			);
			mainGroup = 3BE79714217752A10071AF34;
			productRefGroup = 3BE7971E217752A10071AF34 /* Products */;
			projectDirPath = "";
			projectRoot = "";
			targets = (
				3BE7971C217752A10071AF34 /* Ppulma */,
			);
		};
/* End PBXProject section */

/* Begin PBXResourcesBuildPhase section */
		3BE7971B217752A10071AF34 /* Resources */ = {
			isa = PBXResourcesBuildPhase;
			buildActionMask = 2147483647;
			files = (
				3BB04FBA2178D6E00096BF4D /* NanumSquareOTFExtraBold.otf in Resources */,
				3BE7972B217752A10071AF34 /* LaunchScreen.storyboard in Resources */,
				3BE79728217752A10071AF34 /* Assets.xcassets in Resources */,
				3BB04FBC2178D6E00096BF4D /* NanumSquareOTFBold.otf in Resources */,
				3BB04FBB2178D6E00096BF4D /* NanumSquareOTFLight.otf in Resources */,
				3BB04FBD2178D6E00096BF4D /* NanumSquareOTFRegular.otf in Resources */,
				3BE79726217752A10071AF34 /* Main.storyboard in Resources */,
			);
			runOnlyForDeploymentPostprocessing = 0;
		};
/* End PBXResourcesBuildPhase section */

/* Begin PBXShellScriptBuildPhase section */
		BB3DD73CFDECFF9006BC2046 /* [CP] Embed Pods Frameworks */ = {
			isa = PBXShellScriptBuildPhase;
			buildActionMask = 2147483647;
			files = (
			);
			inputPaths = (
				"${PODS_ROOT}/Target Support Files/Pods-Ppulma/Pods-Ppulma-frameworks.sh",
				"${BUILT_PRODUCTS_DIR}/Alamofire/Alamofire.framework",
				"${BUILT_PRODUCTS_DIR}/BottomPopup/BottomPopup.framework",
				"${BUILT_PRODUCTS_DIR}/Dropper/Dropper.framework",
				"${BUILT_PRODUCTS_DIR}/Kingfisher/Kingfisher.framework",
				"${BUILT_PRODUCTS_DIR}/SnapKit/SnapKit.framework",
				"${BUILT_PRODUCTS_DIR}/SwiftyJSON/SwiftyJSON.framework",
			);
			name = "[CP] Embed Pods Frameworks";
			outputPaths = (
				"${TARGET_BUILD_DIR}/${FRAMEWORKS_FOLDER_PATH}/Alamofire.framework",
				"${TARGET_BUILD_DIR}/${FRAMEWORKS_FOLDER_PATH}/BottomPopup.framework",
				"${TARGET_BUILD_DIR}/${FRAMEWORKS_FOLDER_PATH}/Dropper.framework",
				"${TARGET_BUILD_DIR}/${FRAMEWORKS_FOLDER_PATH}/Kingfisher.framework",
				"${TARGET_BUILD_DIR}/${FRAMEWORKS_FOLDER_PATH}/SnapKit.framework",
				"${TARGET_BUILD_DIR}/${FRAMEWORKS_FOLDER_PATH}/SwiftyJSON.framework",
			);
			runOnlyForDeploymentPostprocessing = 0;
			shellPath = /bin/sh;
			shellScript = "\"${PODS_ROOT}/Target Support Files/Pods-Ppulma/Pods-Ppulma-frameworks.sh\"\n";
			showEnvVarsInLog = 0;
		};
		E5FB26D80368C903B1CA6FF2 /* [CP] Check Pods Manifest.lock */ = {
			isa = PBXShellScriptBuildPhase;
			buildActionMask = 2147483647;
			files = (
			);
			inputPaths = (
				"${PODS_PODFILE_DIR_PATH}/Podfile.lock",
				"${PODS_ROOT}/Manifest.lock",
			);
			name = "[CP] Check Pods Manifest.lock";
			outputPaths = (
				"$(DERIVED_FILE_DIR)/Pods-Ppulma-checkManifestLockResult.txt",
			);
			runOnlyForDeploymentPostprocessing = 0;
			shellPath = /bin/sh;
			shellScript = "diff \"${PODS_PODFILE_DIR_PATH}/Podfile.lock\" \"${PODS_ROOT}/Manifest.lock\" > /dev/null\nif [ $? != 0 ] ; then\n    # print error to STDERR\n    echo \"error: The sandbox is not in sync with the Podfile.lock. Run 'pod install' or update your CocoaPods installation.\" >&2\n    exit 1\nfi\n# This output is used by Xcode 'outputs' to avoid re-running this script phase.\necho \"SUCCESS\" > \"${SCRIPT_OUTPUT_FILE_0}\"\n";
			showEnvVarsInLog = 0;
		};
/* End PBXShellScriptBuildPhase section */

/* Begin PBXSourcesBuildPhase section */
		3BE79719217752A10071AF34 /* Sources */ = {
			isa = PBXSourcesBuildPhase;
			buildActionMask = 2147483647;
			files = (
				3B05B26921776F4300BB6803 /* MagazineVC.swift in Sources */,
				3B05B2852177A7A700BB6803 /* GMStepper.swift in Sources */,
				3B05B26F21776F9600BB6803 /* WRCustomNavigationBar.swift in Sources */,
				3B05B2882177A8D100BB6803 /* CartVC.swift in Sources */,
				3B7D959C2187119600D63C67 /* PostableService.swift in Sources */,
				3B05B271217771D600BB6803 /* MagazineFirstTVCell.swift in Sources */,
				3BD63A172183989A007F5972 /* SearchResultHeader.swift in Sources */,
				3B7D95A02187128000D63C67 /* UrlPath.swift in Sources */,
				3BB04FBF2178ED430096BF4D /* RoundShadowView.swift in Sources */,
				3B05B28221778A8700BB6803 /* Delegate.swift in Sources */,
				3BD63A1C21839BC6007F5972 /* FilterVC.swift in Sources */,
				3B05B2762177730A00BB6803 /* Storyboard.swift in Sources */,
				3BB04FAD2178D4F00096BF4D /* CustomView.swift in Sources */,
				3B05B28A2177A8E800BB6803 /* CartTVCell.swift in Sources */,
				3B05B27F21777AEF00BB6803 /* MagazineSecondCVCell.swift in Sources */,
				3B7D95A32187136400D63C67 /* SwiftNotice.swift in Sources */,
				3B618D472188BEE3002AA2D4 /* MessageVO.swift in Sources */,
				3B7D95AC21871BDB00D63C67 /* SemiCategoryVO.swift in Sources */,
				3B05B279217778FC00BB6803 /* ColorChip.swift in Sources */,
				3B618D532189BADE002AA2D4 /* MypageCVCell.swift in Sources */,
				3BE797332177588D0071AF34 /* ExamplePopupViewController.swift in Sources */,
				3BD63A19218398C7007F5972 /* SearchResultCVCell.swift in Sources */,
				3B7D959E2187119E00D63C67 /* HttpResCode.swift in Sources */,
				3B618D5B218A2C66002AA2D4 /* RecentItemService.swift in Sources */,
				3BD63A0C21836961007F5972 /* DetailVC.swift in Sources */,
				3B618D452188BEA6002AA2D4 /* AddCartService.swift in Sources */,
				3BB04FB02178D6390096BF4D /* Font.swift in Sources */,
				3B618D552189FB5F002AA2D4 /* SearchService.swift in Sources */,
				3B618D3F2188BB0F002AA2D4 /* ProductDetailService.swift in Sources */,
				3BD63A0F21837CF0007F5972 /* SearchVC.swift in Sources */,
				3B618D412188BB19002AA2D4 /* ProductDetailVO.swift in Sources */,
				3B618D59218A2C3F002AA2D4 /* RecentItemVO.swift in Sources */,
				3B05B27D21777AE200BB6803 /* MagazineFirstCVCell.swift in Sources */,
				3B7D95AE21871C3600D63C67 /* SemiCategoryService.swift in Sources */,
				3B618D4E2189B636002AA2D4 /* MypageVC.swift in Sources */,
				3B05B26621776C1800BB6803 /* Extensions.swift in Sources */,
				3B7D959A2187118E00D63C67 /* GettableService.swift in Sources */,
				3BE79736217767EC0071AF34 /* MainVC.swift in Sources */,
				3B618D572189FBAB002AA2D4 /* SearchVO.swift in Sources */,
				3B618D492188C044002AA2D4 /* GetCartListService.swift in Sources */,
				3BE79723217752A10071AF34 /* ViewController.swift in Sources */,
				3B05B26421776BFB00BB6803 /* MainTVCell.swift in Sources */,
				3B7D95AA2187178000D63C67 /* MagazineService.swift in Sources */,
				3BD63A122183834D007F5972 /* SearchTVCell.swift in Sources */,
				3B05B26D21776F8B00BB6803 /* WRNavigationBar.swift in Sources */,
				3BE79721217752A10071AF34 /* AppDelegate.swift in Sources */,
				3B7D95982187116E00D63C67 /* NetworkConfiguration.swift in Sources */,
				3BD63A152183884E007F5972 /* SearchResultVC.swift in Sources */,
				3B618D4B2188C0A7002AA2D4 /* CartVO.swift in Sources */,
				3B7D95A72187169D00D63C67 /* CategoryVO.swift in Sources */,
			);
			runOnlyForDeploymentPostprocessing = 0;
		};
/* End PBXSourcesBuildPhase section */

/* Begin PBXVariantGroup section */
		3BE79724217752A10071AF34 /* Main.storyboard */ = {
			isa = PBXVariantGroup;
			children = (
				3BE79725217752A10071AF34 /* Base */,
			);
			name = Main.storyboard;
			sourceTree = "<group>";
		};
		3BE79729217752A10071AF34 /* LaunchScreen.storyboard */ = {
			isa = PBXVariantGroup;
			children = (
				3BE7972A217752A10071AF34 /* Base */,
			);
			name = LaunchScreen.storyboard;
			sourceTree = "<group>";
		};
/* End PBXVariantGroup section */

/* Begin XCBuildConfiguration section */
		3BE7972D217752A10071AF34 /* Debug */ = {
			isa = XCBuildConfiguration;
			buildSettings = {
				ALWAYS_SEARCH_USER_PATHS = NO;
				CLANG_ANALYZER_NONNULL = YES;
				CLANG_ANALYZER_NUMBER_OBJECT_CONVERSION = YES_AGGRESSIVE;
				CLANG_CXX_LANGUAGE_STANDARD = "gnu++14";
				CLANG_CXX_LIBRARY = "libc++";
				CLANG_ENABLE_MODULES = YES;
				CLANG_ENABLE_OBJC_ARC = YES;
				CLANG_WARN_BLOCK_CAPTURE_AUTORELEASING = YES;
				CLANG_WARN_BOOL_CONVERSION = YES;
				CLANG_WARN_COMMA = YES;
				CLANG_WARN_CONSTANT_CONVERSION = YES;
				CLANG_WARN_DIRECT_OBJC_ISA_USAGE = YES_ERROR;
				CLANG_WARN_DOCUMENTATION_COMMENTS = YES;
				CLANG_WARN_EMPTY_BODY = YES;
				CLANG_WARN_ENUM_CONVERSION = YES;
				CLANG_WARN_INFINITE_RECURSION = YES;
				CLANG_WARN_INT_CONVERSION = YES;
				CLANG_WARN_NON_LITERAL_NULL_CONVERSION = YES;
				CLANG_WARN_OBJC_LITERAL_CONVERSION = YES;
				CLANG_WARN_OBJC_ROOT_CLASS = YES_ERROR;
				CLANG_WARN_RANGE_LOOP_ANALYSIS = YES;
				CLANG_WARN_STRICT_PROTOTYPES = YES;
				CLANG_WARN_SUSPICIOUS_MOVE = YES;
				CLANG_WARN_UNGUARDED_AVAILABILITY = YES_AGGRESSIVE;
				CLANG_WARN_UNREACHABLE_CODE = YES;
				CLANG_WARN__DUPLICATE_METHOD_MATCH = YES;
				CODE_SIGN_IDENTITY = "iPhone Developer";
				COPY_PHASE_STRIP = NO;
				DEBUG_INFORMATION_FORMAT = dwarf;
				ENABLE_STRICT_OBJC_MSGSEND = YES;
				ENABLE_TESTABILITY = YES;
				GCC_C_LANGUAGE_STANDARD = gnu11;
				GCC_DYNAMIC_NO_PIC = NO;
				GCC_NO_COMMON_BLOCKS = YES;
				GCC_OPTIMIZATION_LEVEL = 0;
				GCC_PREPROCESSOR_DEFINITIONS = (
					"DEBUG=1",
					"$(inherited)",
				);
				GCC_WARN_64_TO_32_BIT_CONVERSION = YES;
				GCC_WARN_ABOUT_RETURN_TYPE = YES_ERROR;
				GCC_WARN_UNDECLARED_SELECTOR = YES;
				GCC_WARN_UNINITIALIZED_AUTOS = YES_AGGRESSIVE;
				GCC_WARN_UNUSED_FUNCTION = YES;
				GCC_WARN_UNUSED_VARIABLE = YES;
				IPHONEOS_DEPLOYMENT_TARGET = 11.2;
				MTL_ENABLE_DEBUG_INFO = YES;
				ONLY_ACTIVE_ARCH = YES;
				SDKROOT = iphoneos;
				SWIFT_ACTIVE_COMPILATION_CONDITIONS = DEBUG;
				SWIFT_OPTIMIZATION_LEVEL = "-Onone";
			};
			name = Debug;
		};
		3BE7972E217752A10071AF34 /* Release */ = {
			isa = XCBuildConfiguration;
			buildSettings = {
				ALWAYS_SEARCH_USER_PATHS = NO;
				CLANG_ANALYZER_NONNULL = YES;
				CLANG_ANALYZER_NUMBER_OBJECT_CONVERSION = YES_AGGRESSIVE;
				CLANG_CXX_LANGUAGE_STANDARD = "gnu++14";
				CLANG_CXX_LIBRARY = "libc++";
				CLANG_ENABLE_MODULES = YES;
				CLANG_ENABLE_OBJC_ARC = YES;
				CLANG_WARN_BLOCK_CAPTURE_AUTORELEASING = YES;
				CLANG_WARN_BOOL_CONVERSION = YES;
				CLANG_WARN_COMMA = YES;
				CLANG_WARN_CONSTANT_CONVERSION = YES;
				CLANG_WARN_DIRECT_OBJC_ISA_USAGE = YES_ERROR;
				CLANG_WARN_DOCUMENTATION_COMMENTS = YES;
				CLANG_WARN_EMPTY_BODY = YES;
				CLANG_WARN_ENUM_CONVERSION = YES;
				CLANG_WARN_INFINITE_RECURSION = YES;
				CLANG_WARN_INT_CONVERSION = YES;
				CLANG_WARN_NON_LITERAL_NULL_CONVERSION = YES;
				CLANG_WARN_OBJC_LITERAL_CONVERSION = YES;
				CLANG_WARN_OBJC_ROOT_CLASS = YES_ERROR;
				CLANG_WARN_RANGE_LOOP_ANALYSIS = YES;
				CLANG_WARN_STRICT_PROTOTYPES = YES;
				CLANG_WARN_SUSPICIOUS_MOVE = YES;
				CLANG_WARN_UNGUARDED_AVAILABILITY = YES_AGGRESSIVE;
				CLANG_WARN_UNREACHABLE_CODE = YES;
				CLANG_WARN__DUPLICATE_METHOD_MATCH = YES;
				CODE_SIGN_IDENTITY = "iPhone Developer";
				COPY_PHASE_STRIP = NO;
				DEBUG_INFORMATION_FORMAT = "dwarf-with-dsym";
				ENABLE_NS_ASSERTIONS = NO;
				ENABLE_STRICT_OBJC_MSGSEND = YES;
				GCC_C_LANGUAGE_STANDARD = gnu11;
				GCC_NO_COMMON_BLOCKS = YES;
				GCC_WARN_64_TO_32_BIT_CONVERSION = YES;
				GCC_WARN_ABOUT_RETURN_TYPE = YES_ERROR;
				GCC_WARN_UNDECLARED_SELECTOR = YES;
				GCC_WARN_UNINITIALIZED_AUTOS = YES_AGGRESSIVE;
				GCC_WARN_UNUSED_FUNCTION = YES;
				GCC_WARN_UNUSED_VARIABLE = YES;
				IPHONEOS_DEPLOYMENT_TARGET = 11.2;
				MTL_ENABLE_DEBUG_INFO = NO;
				SDKROOT = iphoneos;
				SWIFT_OPTIMIZATION_LEVEL = "-Owholemodule";
				VALIDATE_PRODUCT = YES;
			};
			name = Release;
		};
		3BE79730217752A10071AF34 /* Debug */ = {
			isa = XCBuildConfiguration;
			baseConfigurationReference = B2725CD172F7CCA4F7437D4B /* Pods-Ppulma.debug.xcconfig */;
			buildSettings = {
				ASSETCATALOG_COMPILER_APPICON_NAME = AppIcon;
				CODE_SIGN_STYLE = Automatic;
				DEVELOPMENT_TEAM = Y4XABUQ539;
				INFOPLIST_FILE = Ppulma/Info.plist;
				LD_RUNPATH_SEARCH_PATHS = "$(inherited) @executable_path/Frameworks";
				PRODUCT_BUNDLE_IDENTIFIER = kangsujin.Ppulma;
				PRODUCT_NAME = "$(TARGET_NAME)";
				SWIFT_VERSION = 4.0;
				TARGETED_DEVICE_FAMILY = "1,2";
			};
			name = Debug;
		};
		3BE79731217752A10071AF34 /* Release */ = {
			isa = XCBuildConfiguration;
			baseConfigurationReference = 9EB455D49E0B171527E29F9E /* Pods-Ppulma.release.xcconfig */;
			buildSettings = {
				ASSETCATALOG_COMPILER_APPICON_NAME = AppIcon;
				CODE_SIGN_STYLE = Automatic;
				DEVELOPMENT_TEAM = Y4XABUQ539;
				INFOPLIST_FILE = Ppulma/Info.plist;
				LD_RUNPATH_SEARCH_PATHS = "$(inherited) @executable_path/Frameworks";
				PRODUCT_BUNDLE_IDENTIFIER = kangsujin.Ppulma;
				PRODUCT_NAME = "$(TARGET_NAME)";
				SWIFT_VERSION = 4.0;
				TARGETED_DEVICE_FAMILY = "1,2";
			};
			name = Release;
		};
/* End XCBuildConfiguration section */

/* Begin XCConfigurationList section */
		3BE79718217752A10071AF34 /* Build configuration list for PBXProject "Ppulma" */ = {
			isa = XCConfigurationList;
			buildConfigurations = (
				3BE7972D217752A10071AF34 /* Debug */,
				3BE7972E217752A10071AF34 /* Release */,
			);
			defaultConfigurationIsVisible = 0;
			defaultConfigurationName = Release;
		};
		3BE7972F217752A10071AF34 /* Build configuration list for PBXNativeTarget "Ppulma" */ = {
			isa = XCConfigurationList;
			buildConfigurations = (
				3BE79730217752A10071AF34 /* Debug */,
				3BE79731217752A10071AF34 /* Release */,
			);
			defaultConfigurationIsVisible = 0;
			defaultConfigurationName = Release;
		};
/* End XCConfigurationList section */
	};
	rootObject = 3BE79715217752A10071AF34 /* Project object */;
}
