PODS:
  - Alamofire (4.7.3)
  - Dropper (2.7.6)
  - Kingfisher (4.0.1)
  - SnapKit (4.0.1)
  - SwiftyJSON (4.2.0)

DEPENDENCIES:
  - Alamofire (~> 4.7.3)
  - Dropper
  - Kingfisher (~> 4.0.0)
  - SnapKit (~> 4.0.1)
  - SwiftyJSON (~> 4.2.0)

SPEC REPOS:
  https://github.com/cocoapods/specs.git:
    - Alamofire
    - Dropper
    - Kingfisher
    - SnapKit
    - SwiftyJSON

SPEC CHECKSUMS:
  Alamofire: c7287b6e5d7da964a70935e5db17046b7fde6568
  Dropper: 52a020beb6fef2e4b1d55447f17099e5776954ef
  Kingfisher: b771785e9461ed4b8686d40e7145f9e58100cb24
  SnapKit: 0de968a9fec17499afa29683b05d0c775b6d1c29
  SwiftyJSON: c4bcba26dd9ec7a027fc8eade48e2c911f229e96

PODFILE CHECKSUM: 4daacfb4a52b7f0791695d17f8a3352232dbeacf

COCOAPODS: 1.6.0.beta.1
